
Microsoft Visual Studio Solution File, Format Version 12.00
# Visual Studio Version 17
VisualStudioVersion = 17.11.35312.102
MinimumVisualStudioVersion = 10.0.40219.1
Project("{FAE04EC0-301F-11D3-BF4B-00C04F79EFBC}") = "Cuil dni", "Cuil dni\Cuil dni.csproj", "{0C02FB42-EB4D-431C-8466-D704EA49DDEF}"
EndProject
Global
	GlobalSection(SolutionConfigurationPlatforms) = preSolution
		Debug|Any CPU = Debug|Any CPU
		Release|Any CPU = Release|Any CPU
	EndGlobalSection
	GlobalSection(ProjectConfigurationPlatforms) = postSolution
		{0C02FB42-EB4D-431C-8466-D704EA49DDEF}.Debug|Any CPU.ActiveCfg = Debug|Any CPU
		{0C02FB42-EB4D-431C-8466-D704EA49DDEF}.Debug|Any CPU.Build.0 = Debug|Any CPU
		{0C02FB42-EB4D-431C-8466-D704EA49DDEF}.Release|Any CPU.ActiveCfg = Release|Any CPU
		{0C02FB42-EB4D-431C-8466-D704EA49DDEF}.Release|Any CPU.Build.0 = Release|Any CPU
	EndGlobalSection
	GlobalSection(SolutionProperties) = preSolution
		HideSolutionNode = FALSE
	EndGlobalSection
	GlobalSection(ExtensibilityGlobals) = postSolution
		SolutionGuid = {6781E067-7C9B-4DD0-96FA-351773DC2D50}
	EndGlobalSection
EndGlobal
